
Microsoft Visual Studio Solution File, Format Version 12.00
# Visual Studio Version 16
VisualStudioVersion = 16.0.31424.327
MinimumVisualStudioVersion = 10.0.40219.1
Project("{FAE04EC0-301F-11D3-BF4B-00C04F79EFBC}") = "DotnetSandbox", "DotnetSandbox\DotnetSandbox.csproj", "{EDE4220D-5627-4864-8CF1-7A8FB2EFBB39}"
EndProject
Global
	GlobalSection(SolutionConfigurationPlatforms) = preSolution
		Debug|Any CPU = Debug|Any CPU
		Release|Any CPU = Release|Any CPU
	EndGlobalSection
	GlobalSection(ProjectConfigurationPlatforms) = postSolution
		{EDE4220D-5627-4864-8CF1-7A8FB2EFBB39}.Debug|Any CPU.ActiveCfg = Debug|Any CPU
		{EDE4220D-5627-4864-8CF1-7A8FB2EFBB39}.Debug|Any CPU.Build.0 = Debug|Any CPU
		{EDE4220D-5627-4864-8CF1-7A8FB2EFBB39}.Release|Any CPU.ActiveCfg = Release|Any CPU
		{EDE4220D-5627-4864-8CF1-7A8FB2EFBB39}.Release|Any CPU.Build.0 = Release|Any CPU
	EndGlobalSection
	GlobalSection(SolutionProperties) = preSolution
		HideSolutionNode = FALSE
	EndGlobalSection
	GlobalSection(ExtensibilityGlobals) = postSolution
		SolutionGuid = {4987ACC3-2F93-4119-A3CD-9D73E6CB8C45}
	EndGlobalSection
EndGlobal
